
Microsoft Visual Studio Solution File, Format Version 12.00
# Visual Studio Version 17
VisualStudioVersion = 17.4.33110.190
MinimumVisualStudioVersion = 10.0.40219.1
Project("{FAE04EC0-301F-11D3-BF4B-00C04F79EFBC}") = "CRYPTO", "CRYPTO\CRYPTO.csproj", "{20341121-C2BD-445A-B031-941E6A3FEC1F}"
EndProject
Global
	GlobalSection(SolutionConfigurationPlatforms) = preSolution
		Debug|Any CPU = Debug|Any CPU
		Release|Any CPU = Release|Any CPU
	EndGlobalSection
	GlobalSection(ProjectConfigurationPlatforms) = postSolution
		{20341121-C2BD-445A-B031-941E6A3FEC1F}.Debug|Any CPU.ActiveCfg = Debug|Any CPU
		{20341121-C2BD-445A-B031-941E6A3FEC1F}.Debug|Any CPU.Build.0 = Debug|Any CPU
		{20341121-C2BD-445A-B031-941E6A3FEC1F}.Release|Any CPU.ActiveCfg = Release|Any CPU
		{20341121-C2BD-445A-B031-941E6A3FEC1F}.Release|Any CPU.Build.0 = Release|Any CPU
	EndGlobalSection
	GlobalSection(SolutionProperties) = preSolution
		HideSolutionNode = FALSE
	EndGlobalSection
	GlobalSection(ExtensibilityGlobals) = postSolution
		SolutionGuid = {46DAFC03-7DBA-4157-B180-A44D68474362}
	EndGlobalSection
EndGlobal
